// !$*UTF8*$!
{
	archiveVersion = 1;
	classes = {
	};
	objectVersion = 48;
	objects = {

/* Begin PBXBuildFile section */
		F9B625601FA6C03800D60493 /* AppDelegate.swift in Sources */ = {isa = PBXBuildFile; fileRef = F9B6255F1FA6C03800D60493 /* AppDelegate.swift */; };
		F9B625621FA6C03800D60493 /* RootViewController.swift in Sources */ = {isa = PBXBuildFile; fileRef = F9B625611FA6C03800D60493 /* RootViewController.swift */; };
		F9B625651FA6C03800D60493 /* Main.storyboard in Resources */ = {isa = PBXBuildFile; fileRef = F9B625631FA6C03800D60493 /* Main.storyboard */; };
		F9B625671FA6C03800D60493 /* Assets.xcassets in Resources */ = {isa = PBXBuildFile; fileRef = F9B625661FA6C03800D60493 /* Assets.xcassets */; };
		F9B6256A1FA6C03800D60493 /* LaunchScreen.storyboard in Resources */ = {isa = PBXBuildFile; fileRef = F9B625681FA6C03800D60493 /* LaunchScreen.storyboard */; };
		F9B625741FA6C1FD00D60493 /* ScrollViewZoomExampleVc.swift in Sources */ = {isa = PBXBuildFile; fileRef = F9B625731FA6C1FD00D60493 /* ScrollViewZoomExampleVc.swift */; };
		F9F32B151FAABD8300B0B3C8 /* ImageAnimatorVcViewController.swift in Sources */ = {isa = PBXBuildFile; fileRef = F9F32B141FAABD8300B0B3C8 /* ImageAnimatorVcViewController.swift */; };
		F9F32B181FAAFD9B00B0B3C8 /* ScrollViewAutoLayoutViewController.swift in Sources */ = {isa = PBXBuildFile; fileRef = F9F32B171FAAFD9B00B0B3C8 /* ScrollViewAutoLayoutViewController.swift */; };
		F9F32B1B1FAC018500B0B3C8 /* PassbookCardViewController.swift in Sources */ = {isa = PBXBuildFile; fileRef = F9F32B1A1FAC018500B0B3C8 /* PassbookCardViewController.swift */; };
/* End PBXBuildFile section */

/* Begin PBXFileReference section */
		F9B6255C1FA6C03800D60493 /* Examples.app */ = {isa = PBXFileReference; explicitFileType = wrapper.application; includeInIndex = 0; path = Examples.app; sourceTree = BUILT_PRODUCTS_DIR; };
		F9B6255F1FA6C03800D60493 /* AppDelegate.swift */ = {isa = PBXFileReference; lastKnownFileType = sourcecode.swift; path = AppDelegate.swift; sourceTree = "<group>"; };
		F9B625611FA6C03800D60493 /* RootViewController.swift */ = {isa = PBXFileReference; lastKnownFileType = sourcecode.swift; path = RootViewController.swift; sourceTree = "<group>"; };
		F9B625641FA6C03800D60493 /* Base */ = {isa = PBXFileReference; lastKnownFileType = file.storyboard; name = Base; path = Base.lproj/Main.storyboard; sourceTree = "<group>"; };
		F9B625661FA6C03800D60493 /* Assets.xcassets */ = {isa = PBXFileReference; lastKnownFileType = folder.assetcatalog; path = Assets.xcassets; sourceTree = "<group>"; };
		F9B625691FA6C03800D60493 /* Base */ = {isa = PBXFileReference; lastKnownFileType = file.storyboard; name = Base; path = Base.lproj/LaunchScreen.storyboard; sourceTree = "<group>"; };
		F9B6256B1FA6C03800D60493 /* Info.plist */ = {isa = PBXFileReference; lastKnownFileType = text.plist.xml; path = Info.plist; sourceTree = "<group>"; };
		F9B625731FA6C1FD00D60493 /* ScrollViewZoomExampleVc.swift */ = {isa = PBXFileReference; lastKnownFileType = sourcecode.swift; path = ScrollViewZoomExampleVc.swift; sourceTree = "<group>"; };
		F9F32B141FAABD8300B0B3C8 /* ImageAnimatorVcViewController.swift */ = {isa = PBXFileReference; lastKnownFileType = sourcecode.swift; path = ImageAnimatorVcViewController.swift; sourceTree = "<group>"; };
		F9F32B171FAAFD9B00B0B3C8 /* ScrollViewAutoLayoutViewController.swift */ = {isa = PBXFileReference; lastKnownFileType = sourcecode.swift; path = ScrollViewAutoLayoutViewController.swift; sourceTree = "<group>"; };
		F9F32B1A1FAC018500B0B3C8 /* PassbookCardViewController.swift */ = {isa = PBXFileReference; lastKnownFileType = sourcecode.swift; path = PassbookCardViewController.swift; sourceTree = "<group>"; };
/* End PBXFileReference section */

/* Begin PBXFrameworksBuildPhase section */
		F9B625591FA6C03800D60493 /* Frameworks */ = {
			isa = PBXFrameworksBuildPhase;
			buildActionMask = 2147483647;
			files = (
			);
			runOnlyForDeploymentPostprocessing = 0;
		};
/* End PBXFrameworksBuildPhase section */

/* Begin PBXGroup section */
		F9B625531FA6C03800D60493 = {
			isa = PBXGroup;
			children = (
				F9B6255E1FA6C03800D60493 /* Examples */,
				F9B6255D1FA6C03800D60493 /* Products */,
			);
			sourceTree = "<group>";
		};
		F9B6255D1FA6C03800D60493 /* Products */ = {
			isa = PBXGroup;
			children = (
				F9B6255C1FA6C03800D60493 /* Examples.app */,
			);
			name = Products;
			sourceTree = "<group>";
		};
		F9B6255E1FA6C03800D60493 /* Examples */ = {
			isa = PBXGroup;
			children = (
				F9B625721FA6C1D900D60493 /* Controllers */,
				F9B6255F1FA6C03800D60493 /* AppDelegate.swift */,
				F9B625611FA6C03800D60493 /* RootViewController.swift */,
				F9B625631FA6C03800D60493 /* Main.storyboard */,
				F9B625661FA6C03800D60493 /* Assets.xcassets */,
				F9B625681FA6C03800D60493 /* LaunchScreen.storyboard */,
				F9B6256B1FA6C03800D60493 /* Info.plist */,
			);
			path = Examples;
			sourceTree = "<group>";
		};
		F9B625721FA6C1D900D60493 /* Controllers */ = {
			isa = PBXGroup;
			children = (
				F9F32B191FAC016300B0B3C8 /* PassbookCard */,
				F9F32B161FAAFD7600B0B3C8 /* ScrollviewAutolayout */,
				F9F32B131FAABD6400B0B3C8 /* ImageAnimator */,
				F9B625731FA6C1FD00D60493 /* ScrollViewZoomExampleVc.swift */,
			);
			path = Controllers;
			sourceTree = "<group>";
		};
		F9F32B131FAABD6400B0B3C8 /* ImageAnimator */ = {
			isa = PBXGroup;
			children = (
				F9F32B141FAABD8300B0B3C8 /* ImageAnimatorVcViewController.swift */,
			);
			path = ImageAnimator;
			sourceTree = "<group>";
		};
		F9F32B161FAAFD7600B0B3C8 /* ScrollviewAutolayout */ = {
			isa = PBXGroup;
			children = (
				F9F32B171FAAFD9B00B0B3C8 /* ScrollViewAutoLayoutViewController.swift */,
			);
			path = ScrollviewAutolayout;
			sourceTree = "<group>";
		};
		F9F32B191FAC016300B0B3C8 /* PassbookCard */ = {
			isa = PBXGroup;
			children = (
				F9F32B1A1FAC018500B0B3C8 /* PassbookCardViewController.swift */,
			);
			path = PassbookCard;
			sourceTree = "<group>";
		};
/* End PBXGroup section */

/* Begin PBXNativeTarget section */
		F9B6255B1FA6C03800D60493 /* Examples */ = {
			isa = PBXNativeTarget;
			buildConfigurationList = F9B6256E1FA6C03800D60493 /* Build configuration list for PBXNativeTarget "Examples" */;
			buildPhases = (
				F9B625581FA6C03800D60493 /* Sources */,
				F9B625591FA6C03800D60493 /* Frameworks */,
				F9B6255A1FA6C03800D60493 /* Resources */,
			);
			buildRules = (
			);
			dependencies = (
			);
			name = Examples;
			productName = Examples;
			productReference = F9B6255C1FA6C03800D60493 /* Examples.app */;
			productType = "com.apple.product-type.application";
		};
/* End PBXNativeTarget section */

/* Begin PBXProject section */
		F9B625541FA6C03800D60493 /* Project object */ = {
			isa = PBXProject;
			attributes = {
				LastSwiftUpdateCheck = 0900;
				LastUpgradeCheck = 0900;
				ORGANIZATIONNAME = Ashoka;
				TargetAttributes = {
					F9B6255B1FA6C03800D60493 = {
						CreatedOnToolsVersion = 9.0;
						ProvisioningStyle = Automatic;
					};
				};
			};
			buildConfigurationList = F9B625571FA6C03800D60493 /* Build configuration list for PBXProject "Examples" */;
			compatibilityVersion = "Xcode 8.0";
			developmentRegion = en;
			hasScannedForEncodings = 0;
			knownRegions = (
				en,
				Base,
			);
			mainGroup = F9B625531FA6C03800D60493;
			productRefGroup = F9B6255D1FA6C03800D60493 /* Products */;
			projectDirPath = "";
			projectRoot = "";
			targets = (
				F9B6255B1FA6C03800D60493 /* Examples */,
			);
		};
/* End PBXProject section */

/* Begin PBXResourcesBuildPhase section */
		F9B6255A1FA6C03800D60493 /* Resources */ = {
			isa = PBXResourcesBuildPhase;
			buildActionMask = 2147483647;
			files = (
				F9B6256A1FA6C03800D60493 /* LaunchScreen.storyboard in Resources */,
				F9B625671FA6C03800D60493 /* Assets.xcassets in Resources */,
				F9B625651FA6C03800D60493 /* Main.storyboard in Resources */,
			);
			runOnlyForDeploymentPostprocessing = 0;
		};
/* End PBXResourcesBuildPhase section */

/* Begin PBXSourcesBuildPhase section */
		F9B625581FA6C03800D60493 /* Sources */ = {
			isa = PBXSourcesBuildPhase;
			buildActionMask = 2147483647;
			files = (
				F9F32B151FAABD8300B0B3C8 /* ImageAnimatorVcViewController.swift in Sources */,
				F9F32B181FAAFD9B00B0B3C8 /* ScrollViewAutoLayoutViewController.swift in Sources */,
				F9B625621FA6C03800D60493 /* RootViewController.swift in Sources */,
				F9B625601FA6C03800D60493 /* AppDelegate.swift in Sources */,
				F9F32B1B1FAC018500B0B3C8 /* PassbookCardViewController.swift in Sources */,
				F9B625741FA6C1FD00D60493 /* ScrollViewZoomExampleVc.swift in Sources */,
			);
			runOnlyForDeploymentPostprocessing = 0;
		};
/* End PBXSourcesBuildPhase section */

/* Begin PBXVariantGroup section */
		F9B625631FA6C03800D60493 /* Main.storyboard */ = {
			isa = PBXVariantGroup;
			children = (
				F9B625641FA6C03800D60493 /* Base */,
			);
			name = Main.storyboard;
			sourceTree = "<group>";
		};
		F9B625681FA6C03800D60493 /* LaunchScreen.storyboard */ = {
			isa = PBXVariantGroup;
			children = (
				F9B625691FA6C03800D60493 /* Base */,
			);
			name = LaunchScreen.storyboard;
			sourceTree = "<group>";
		};
/* End PBXVariantGroup section */

/* Begin XCBuildConfiguration section */
		F9B6256C1FA6C03800D60493 /* Debug */ = {
			isa = XCBuildConfiguration;
			buildSettings = {
				ALWAYS_SEARCH_USER_PATHS = NO;
				CLANG_ANALYZER_NONNULL = YES;
				CLANG_ANALYZER_NUMBER_OBJECT_CONVERSION = YES_AGGRESSIVE;
				CLANG_CXX_LANGUAGE_STANDARD = "gnu++14";
				CLANG_CXX_LIBRARY = "libc++";
				CLANG_ENABLE_MODULES = YES;
				CLANG_ENABLE_OBJC_ARC = YES;
				CLANG_WARN_BLOCK_CAPTURE_AUTORELEASING = YES;
				CLANG_WARN_BOOL_CONVERSION = YES;
				CLANG_WARN_COMMA = YES;
				CLANG_WARN_CONSTANT_CONVERSION = YES;
				CLANG_WARN_DIRECT_OBJC_ISA_USAGE = YES_ERROR;
				CLANG_WARN_DOCUMENTATION_COMMENTS = YES;
				CLANG_WARN_EMPTY_BODY = YES;
				CLANG_WARN_ENUM_CONVERSION = YES;
				CLANG_WARN_INFINITE_RECURSION = YES;
				CLANG_WARN_INT_CONVERSION = YES;
				CLANG_WARN_NON_LITERAL_NULL_CONVERSION = YES;
				CLANG_WARN_OBJC_LITERAL_CONVERSION = YES;
				CLANG_WARN_OBJC_ROOT_CLASS = YES_ERROR;
				CLANG_WARN_RANGE_LOOP_ANALYSIS = YES;
				CLANG_WARN_STRICT_PROTOTYPES = YES;
				CLANG_WARN_SUSPICIOUS_MOVE = YES;
				CLANG_WARN_UNGUARDED_AVAILABILITY = YES_AGGRESSIVE;
				CLANG_WARN_UNREACHABLE_CODE = YES;
				CLANG_WARN__DUPLICATE_METHOD_MATCH = YES;
				CODE_SIGN_IDENTITY = "iPhone Developer";
				COPY_PHASE_STRIP = NO;
				DEBUG_INFORMATION_FORMAT = dwarf;
				ENABLE_STRICT_OBJC_MSGSEND = YES;
				ENABLE_TESTABILITY = YES;
				GCC_C_LANGUAGE_STANDARD = gnu11;
				GCC_DYNAMIC_NO_PIC = NO;
				GCC_NO_COMMON_BLOCKS = YES;
				GCC_OPTIMIZATION_LEVEL = 0;
				GCC_PREPROCESSOR_DEFINITIONS = (
					"DEBUG=1",
					"$(inherited)",
				);
				GCC_WARN_64_TO_32_BIT_CONVERSION = YES;
				GCC_WARN_ABOUT_RETURN_TYPE = YES_ERROR;
				GCC_WARN_UNDECLARED_SELECTOR = YES;
				GCC_WARN_UNINITIALIZED_AUTOS = YES_AGGRESSIVE;
				GCC_WARN_UNUSED_FUNCTION = YES;
				GCC_WARN_UNUSED_VARIABLE = YES;
				IPHONEOS_DEPLOYMENT_TARGET = 11.0;
				MTL_ENABLE_DEBUG_INFO = YES;
				ONLY_ACTIVE_ARCH = YES;
				SDKROOT = iphoneos;
				SWIFT_ACTIVE_COMPILATION_CONDITIONS = DEBUG;
				SWIFT_OPTIMIZATION_LEVEL = "-Onone";
			};
			name = Debug;
		};
		F9B6256D1FA6C03800D60493 /* Release */ = {
			isa = XCBuildConfiguration;
			buildSettings = {
				ALWAYS_SEARCH_USER_PATHS = NO;
				CLANG_ANALYZER_NONNULL = YES;
				CLANG_ANALYZER_NUMBER_OBJECT_CONVERSION = YES_AGGRESSIVE;
				CLANG_CXX_LANGUAGE_STANDARD = "gnu++14";
				CLANG_CXX_LIBRARY = "libc++";
				CLANG_ENABLE_MODULES = YES;
				CLANG_ENABLE_OBJC_ARC = YES;
				CLANG_WARN_BLOCK_CAPTURE_AUTORELEASING = YES;
				CLANG_WARN_BOOL_CONVERSION = YES;
				CLANG_WARN_COMMA = YES;
				CLANG_WARN_CONSTANT_CONVERSION = YES;
				CLANG_WARN_DIRECT_OBJC_ISA_USAGE = YES_ERROR;
				CLANG_WARN_DOCUMENTATION_COMMENTS = YES;
				CLANG_WARN_EMPTY_BODY = YES;
				CLANG_WARN_ENUM_CONVERSION = YES;
				CLANG_WARN_INFINITE_RECURSION = YES;
				CLANG_WARN_INT_CONVERSION = YES;
				CLANG_WARN_NON_LITERAL_NULL_CONVERSION = YES;
				CLANG_WARN_OBJC_LITERAL_CONVERSION = YES;
				CLANG_WARN_OBJC_ROOT_CLASS = YES_ERROR;
				CLANG_WARN_RANGE_LOOP_ANALYSIS = YES;
				CLANG_WARN_STRICT_PROTOTYPES = YES;
				CLANG_WARN_SUSPICIOUS_MOVE = YES;
				CLANG_WARN_UNGUARDED_AVAILABILITY = YES_AGGRESSIVE;
				CLANG_WARN_UNREACHABLE_CODE = YES;
				CLANG_WARN__DUPLICATE_METHOD_MATCH = YES;
				CODE_SIGN_IDENTITY = "iPhone Developer";
				COPY_PHASE_STRIP = NO;
				DEBUG_INFORMATION_FORMAT = "dwarf-with-dsym";
				ENABLE_NS_ASSERTIONS = NO;
				ENABLE_STRICT_OBJC_MSGSEND = YES;
				GCC_C_LANGUAGE_STANDARD = gnu11;
				GCC_NO_COMMON_BLOCKS = YES;
				GCC_WARN_64_TO_32_BIT_CONVERSION = YES;
				GCC_WARN_ABOUT_RETURN_TYPE = YES_ERROR;
				GCC_WARN_UNDECLARED_SELECTOR = YES;
				GCC_WARN_UNINITIALIZED_AUTOS = YES_AGGRESSIVE;
				GCC_WARN_UNUSED_FUNCTION = YES;
				GCC_WARN_UNUSED_VARIABLE = YES;
				IPHONEOS_DEPLOYMENT_TARGET = 11.0;
				MTL_ENABLE_DEBUG_INFO = NO;
				SDKROOT = iphoneos;
				SWIFT_OPTIMIZATION_LEVEL = "-Owholemodule";
				VALIDATE_PRODUCT = YES;
			};
			name = Release;
		};
		F9B6256F1FA6C03800D60493 /* Debug */ = {
			isa = XCBuildConfiguration;
			buildSettings = {
				ASSETCATALOG_COMPILER_APPICON_NAME = AppIcon;
				CODE_SIGN_STYLE = Automatic;
				DEVELOPMENT_TEAM = 5ZDZ2RA37W;
				INFOPLIST_FILE = Examples/Info.plist;
				LD_RUNPATH_SEARCH_PATHS = "$(inherited) @executable_path/Frameworks";
				PRODUCT_BUNDLE_IDENTIFIER = com.ashoka.Examples;
				PRODUCT_NAME = "$(TARGET_NAME)";
				SWIFT_VERSION = 4.0;
				TARGETED_DEVICE_FAMILY = "1,2";
			};
			name = Debug;
		};
		F9B625701FA6C03800D60493 /* Release */ = {
			isa = XCBuildConfiguration;
			buildSettings = {
				ASSETCATALOG_COMPILER_APPICON_NAME = AppIcon;
				CODE_SIGN_STYLE = Automatic;
				DEVELOPMENT_TEAM = 5ZDZ2RA37W;
				INFOPLIST_FILE = Examples/Info.plist;
				LD_RUNPATH_SEARCH_PATHS = "$(inherited) @executable_path/Frameworks";
				PRODUCT_BUNDLE_IDENTIFIER = com.ashoka.Examples;
				PRODUCT_NAME = "$(TARGET_NAME)";
				SWIFT_VERSION = 4.0;
				TARGETED_DEVICE_FAMILY = "1,2";
			};
			name = Release;
		};
/* End XCBuildConfiguration section */

/* Begin XCConfigurationList section */
		F9B625571FA6C03800D60493 /* Build configuration list for PBXProject "Examples" */ = {
			isa = XCConfigurationList;
			buildConfigurations = (
				F9B6256C1FA6C03800D60493 /* Debug */,
				F9B6256D1FA6C03800D60493 /* Release */,
			);
			defaultConfigurationIsVisible = 0;
			defaultConfigurationName = Release;
		};
		F9B6256E1FA6C03800D60493 /* Build configuration list for PBXNativeTarget "Examples" */ = {
			isa = XCConfigurationList;
			buildConfigurations = (
				F9B6256F1FA6C03800D60493 /* Debug */,
				F9B625701FA6C03800D60493 /* Release */,
			);
			defaultConfigurationIsVisible = 0;
			defaultConfigurationName = Release;
		};
/* End XCConfigurationList section */
	};
	rootObject = F9B625541FA6C03800D60493 /* Project object */;
}
