// !$*UTF8*$!
{
	archiveVersion = 1;
	classes = {
	};
	objectVersion = 48;
	objects = {

/* Begin PBXBuildFile section */
		84F779A29DDDCB27812A8E33 /* Pods_Examples.framework in Frameworks */ = {isa = PBXBuildFile; fileRef = 1E4A134BA81A0CDC894C97D4 /* Pods_Examples.framework */; };
		F9075DEA1FD3DD5E0004480D /* ThreeDTranstionFirstVC.swift in Sources */ = {isa = PBXBuildFile; fileRef = F9075DE91FD3DD5E0004480D /* ThreeDTranstionFirstVC.swift */; };
		F9075DEC1FD3DD790004480D /* ThreeDTransitionSecondVC.swift in Sources */ = {isa = PBXBuildFile; fileRef = F9075DEB1FD3DD790004480D /* ThreeDTransitionSecondVC.swift */; };
		F9075DEE1FD3DF200004480D /* ThreeDPushTransition.swift in Sources */ = {isa = PBXBuildFile; fileRef = F9075DED1FD3DF200004480D /* ThreeDPushTransition.swift */; };
		F9075DF01FD3DF320004480D /* ThreeDPopTransition.swift in Sources */ = {isa = PBXBuildFile; fileRef = F9075DEF1FD3DF320004480D /* ThreeDPopTransition.swift */; };
		F9075DF21FD400A00004480D /* ThreeDPopInteractiveTransition.swift in Sources */ = {isa = PBXBuildFile; fileRef = F9075DF11FD400A00004480D /* ThreeDPopInteractiveTransition.swift */; };
		F93846461FB1615900072307 /* MagicMoveAnimation.swift in Sources */ = {isa = PBXBuildFile; fileRef = F93846451FB1615900072307 /* MagicMoveAnimation.swift */; };
		F93846481FB196DD00072307 /* MagicMoveInverseTransition.swift in Sources */ = {isa = PBXBuildFile; fileRef = F93846471FB196DD00072307 /* MagicMoveInverseTransition.swift */; };
		F938464D1FB1B28F00072307 /* PanToPop.swift in Sources */ = {isa = PBXBuildFile; fileRef = F938464C1FB1B28F00072307 /* PanToPop.swift */; };
		F960BAD31FC2CBDB0021196E /* DynamicAnimationViewController.swift in Sources */ = {isa = PBXBuildFile; fileRef = F960BAD21FC2CBDB0021196E /* DynamicAnimationViewController.swift */; };
		F96ED2D61FB3EB7200A3774B /* PingTransitionParentViewController.swift in Sources */ = {isa = PBXBuildFile; fileRef = F96ED2D51FB3EB7200A3774B /* PingTransitionParentViewController.swift */; };
		F96ED2D81FB3EB8B00A3774B /* PingTransitionSubViewController.swift in Sources */ = {isa = PBXBuildFile; fileRef = F96ED2D71FB3EB8B00A3774B /* PingTransitionSubViewController.swift */; };
		F96ED2DA1FB3EC8B00A3774B /* PingTransitionAnimation.swift in Sources */ = {isa = PBXBuildFile; fileRef = F96ED2D91FB3EC8B00A3774B /* PingTransitionAnimation.swift */; };
		F96ED2DC1FB42CCB00A3774B /* PingTransitionUINavigationVCDelegate.swift in Sources */ = {isa = PBXBuildFile; fileRef = F96ED2DB1FB42CCB00A3774B /* PingTransitionUINavigationVCDelegate.swift */; };
		F96ED2E21FB5495C00A3774B /* WaterWaveVCViewController.swift in Sources */ = {isa = PBXBuildFile; fileRef = F96ED2E11FB5495C00A3774B /* WaterWaveVCViewController.swift */; };
		F9B625601FA6C03800D60493 /* AppDelegate.swift in Sources */ = {isa = PBXBuildFile; fileRef = F9B6255F1FA6C03800D60493 /* AppDelegate.swift */; };
		F9B625621FA6C03800D60493 /* RootViewController.swift in Sources */ = {isa = PBXBuildFile; fileRef = F9B625611FA6C03800D60493 /* RootViewController.swift */; };
		F9B625651FA6C03800D60493 /* Main.storyboard in Resources */ = {isa = PBXBuildFile; fileRef = F9B625631FA6C03800D60493 /* Main.storyboard */; };
		F9B625671FA6C03800D60493 /* Assets.xcassets in Resources */ = {isa = PBXBuildFile; fileRef = F9B625661FA6C03800D60493 /* Assets.xcassets */; };
		F9B6256A1FA6C03800D60493 /* LaunchScreen.storyboard in Resources */ = {isa = PBXBuildFile; fileRef = F9B625681FA6C03800D60493 /* LaunchScreen.storyboard */; };
		F9B625741FA6C1FD00D60493 /* ScrollViewZoomExampleVc.swift in Sources */ = {isa = PBXBuildFile; fileRef = F9B625731FA6C1FD00D60493 /* ScrollViewZoomExampleVc.swift */; };
		F9DC41EF1FBA8C4400753BE4 /* JellyAnimationVC.swift in Sources */ = {isa = PBXBuildFile; fileRef = F9DC41EE1FBA8C4400753BE4 /* JellyAnimationVC.swift */; };
		F9DC41F31FBACFD400753BE4 /* BounceViewVC.swift in Sources */ = {isa = PBXBuildFile; fileRef = F9DC41F21FBACFD400753BE4 /* BounceViewVC.swift */; };
		F9DC41F81FBC0B6300753BE4 /* BadgeAnimationViewController.swift in Sources */ = {isa = PBXBuildFile; fileRef = F9DC41F71FBC0B6300753BE4 /* BadgeAnimationViewController.swift */; };
		F9DC41FA1FBC0B7C00753BE4 /* BadgeView.swift in Sources */ = {isa = PBXBuildFile; fileRef = F9DC41F91FBC0B7C00753BE4 /* BadgeView.swift */; };
		F9E7B75B1FAF4A2C006F1AB2 /* ParentViewController.swift in Sources */ = {isa = PBXBuildFile; fileRef = F9E7B75A1FAF4A2C006F1AB2 /* ParentViewController.swift */; };
		F9E7B75D1FAF4A3B006F1AB2 /* SubViewController.swift in Sources */ = {isa = PBXBuildFile; fileRef = F9E7B75C1FAF4A3B006F1AB2 /* SubViewController.swift */; };
		F9E7B75F1FAF4D3F006F1AB2 /* PresentedVCDelegate.swift in Sources */ = {isa = PBXBuildFile; fileRef = F9E7B75E1FAF4D3F006F1AB2 /* PresentedVCDelegate.swift */; };
		F9E7B7611FAF5A50006F1AB2 /* RotationPresentAnimation.swift in Sources */ = {isa = PBXBuildFile; fileRef = F9E7B7601FAF5A50006F1AB2 /* RotationPresentAnimation.swift */; };
		F9E7B7631FAF6D7C006F1AB2 /* PanInteractiveTransition.swift in Sources */ = {isa = PBXBuildFile; fileRef = F9E7B7621FAF6D7C006F1AB2 /* PanInteractiveTransition.swift */; };
		F9E7B7651FAFE7CC006F1AB2 /* RotationDismissAnimation.swift in Sources */ = {isa = PBXBuildFile; fileRef = F9E7B7641FAFE7CC006F1AB2 /* RotationDismissAnimation.swift */; };
		F9E7B7671FB1564E006F1AB2 /* MagicMoveCollectionVCCollectionViewController.swift in Sources */ = {isa = PBXBuildFile; fileRef = F9E7B7661FB1564E006F1AB2 /* MagicMoveCollectionVCCollectionViewController.swift */; };
		F9E7B76A1FB15A24006F1AB2 /* MagicMoveCollectionViewCell.swift in Sources */ = {isa = PBXBuildFile; fileRef = F9E7B7691FB15A24006F1AB2 /* MagicMoveCollectionViewCell.swift */; };
		F9E7B76C1FB15DA1006F1AB2 /* MagicMoveSubVC.swift in Sources */ = {isa = PBXBuildFile; fileRef = F9E7B76B1FB15DA1006F1AB2 /* MagicMoveSubVC.swift */; };
		F9F32B151FAABD8300B0B3C8 /* ImageAnimatorVcViewController.swift in Sources */ = {isa = PBXBuildFile; fileRef = F9F32B141FAABD8300B0B3C8 /* ImageAnimatorVcViewController.swift */; };
		F9F32B181FAAFD9B00B0B3C8 /* ScrollViewAutoLayoutViewController.swift in Sources */ = {isa = PBXBuildFile; fileRef = F9F32B171FAAFD9B00B0B3C8 /* ScrollViewAutoLayoutViewController.swift */; };
		F9F32B1B1FAC018500B0B3C8 /* PassbookCardViewController.swift in Sources */ = {isa = PBXBuildFile; fileRef = F9F32B1A1FAC018500B0B3C8 /* PassbookCardViewController.swift */; };
		F9F32B1E1FAE101900B0B3C8 /* SpringPageViewController.swift in Sources */ = {isa = PBXBuildFile; fileRef = F9F32B1D1FAE101900B0B3C8 /* SpringPageViewController.swift */; };
		F9F32B201FAE103A00B0B3C8 /* PageView.swift in Sources */ = {isa = PBXBuildFile; fileRef = F9F32B1F1FAE103A00B0B3C8 /* PageView.swift */; };
		F9F5A0E31FB94EA1004E41F3 /* PresentationSubViewController.swift in Sources */ = {isa = PBXBuildFile; fileRef = F9F5A0E21FB94EA1004E41F3 /* PresentationSubViewController.swift */; };
		F9F5A0E51FB9690E004E41F3 /* CustomPresentation.swift in Sources */ = {isa = PBXBuildFile; fileRef = F9F5A0E41FB9690E004E41F3 /* CustomPresentation.swift */; };
/* End PBXBuildFile section */

/* Begin PBXFileReference section */
		1E4A134BA81A0CDC894C97D4 /* Pods_Examples.framework */ = {isa = PBXFileReference; explicitFileType = wrapper.framework; includeInIndex = 0; path = Pods_Examples.framework; sourceTree = BUILT_PRODUCTS_DIR; };
		4E3E32AF8E5BDE0B692E5F82 /* Pods-Examples.release.xcconfig */ = {isa = PBXFileReference; includeInIndex = 1; lastKnownFileType = text.xcconfig; name = "Pods-Examples.release.xcconfig"; path = "Pods/Target Support Files/Pods-Examples/Pods-Examples.release.xcconfig"; sourceTree = "<group>"; };
		D44B9AFEC13E2A4F3FDFCA25 /* Pods-Examples.debug.xcconfig */ = {isa = PBXFileReference; includeInIndex = 1; lastKnownFileType = text.xcconfig; name = "Pods-Examples.debug.xcconfig"; path = "Pods/Target Support Files/Pods-Examples/Pods-Examples.debug.xcconfig"; sourceTree = "<group>"; };
		F9075DE91FD3DD5E0004480D /* ThreeDTranstionFirstVC.swift */ = {isa = PBXFileReference; lastKnownFileType = sourcecode.swift; path = ThreeDTranstionFirstVC.swift; sourceTree = "<group>"; };
		F9075DEB1FD3DD790004480D /* ThreeDTransitionSecondVC.swift */ = {isa = PBXFileReference; lastKnownFileType = sourcecode.swift; path = ThreeDTransitionSecondVC.swift; sourceTree = "<group>"; };
		F9075DED1FD3DF200004480D /* ThreeDPushTransition.swift */ = {isa = PBXFileReference; lastKnownFileType = sourcecode.swift; path = ThreeDPushTransition.swift; sourceTree = "<group>"; };
		F9075DEF1FD3DF320004480D /* ThreeDPopTransition.swift */ = {isa = PBXFileReference; lastKnownFileType = sourcecode.swift; path = ThreeDPopTransition.swift; sourceTree = "<group>"; };
		F9075DF11FD400A00004480D /* ThreeDPopInteractiveTransition.swift */ = {isa = PBXFileReference; lastKnownFileType = sourcecode.swift; path = ThreeDPopInteractiveTransition.swift; sourceTree = "<group>"; };
		F93846451FB1615900072307 /* MagicMoveAnimation.swift */ = {isa = PBXFileReference; lastKnownFileType = sourcecode.swift; path = MagicMoveAnimation.swift; sourceTree = "<group>"; };
		F93846471FB196DD00072307 /* MagicMoveInverseTransition.swift */ = {isa = PBXFileReference; lastKnownFileType = sourcecode.swift; path = MagicMoveInverseTransition.swift; sourceTree = "<group>"; };
		F938464C1FB1B28F00072307 /* PanToPop.swift */ = {isa = PBXFileReference; lastKnownFileType = sourcecode.swift; path = PanToPop.swift; sourceTree = "<group>"; };
		F960BAD21FC2CBDB0021196E /* DynamicAnimationViewController.swift */ = {isa = PBXFileReference; lastKnownFileType = sourcecode.swift; path = DynamicAnimationViewController.swift; sourceTree = "<group>"; };
		F96ED2D51FB3EB7200A3774B /* PingTransitionParentViewController.swift */ = {isa = PBXFileReference; lastKnownFileType = sourcecode.swift; path = PingTransitionParentViewController.swift; sourceTree = "<group>"; };
		F96ED2D71FB3EB8B00A3774B /* PingTransitionSubViewController.swift */ = {isa = PBXFileReference; lastKnownFileType = sourcecode.swift; path = PingTransitionSubViewController.swift; sourceTree = "<group>"; };
		F96ED2D91FB3EC8B00A3774B /* PingTransitionAnimation.swift */ = {isa = PBXFileReference; lastKnownFileType = sourcecode.swift; path = PingTransitionAnimation.swift; sourceTree = "<group>"; };
		F96ED2DB1FB42CCB00A3774B /* PingTransitionUINavigationVCDelegate.swift */ = {isa = PBXFileReference; lastKnownFileType = sourcecode.swift; path = PingTransitionUINavigationVCDelegate.swift; sourceTree = "<group>"; };
		F96ED2E11FB5495C00A3774B /* WaterWaveVCViewController.swift */ = {isa = PBXFileReference; lastKnownFileType = sourcecode.swift; path = WaterWaveVCViewController.swift; sourceTree = "<group>"; };
		F9B6255C1FA6C03800D60493 /* Examples.app */ = {isa = PBXFileReference; explicitFileType = wrapper.application; includeInIndex = 0; path = Examples.app; sourceTree = BUILT_PRODUCTS_DIR; };
		F9B6255F1FA6C03800D60493 /* AppDelegate.swift */ = {isa = PBXFileReference; lastKnownFileType = sourcecode.swift; path = AppDelegate.swift; sourceTree = "<group>"; };
		F9B625611FA6C03800D60493 /* RootViewController.swift */ = {isa = PBXFileReference; lastKnownFileType = sourcecode.swift; path = RootViewController.swift; sourceTree = "<group>"; };
		F9B625641FA6C03800D60493 /* Base */ = {isa = PBXFileReference; lastKnownFileType = file.storyboard; name = Base; path = Base.lproj/Main.storyboard; sourceTree = "<group>"; };
		F9B625661FA6C03800D60493 /* Assets.xcassets */ = {isa = PBXFileReference; lastKnownFileType = folder.assetcatalog; path = Assets.xcassets; sourceTree = "<group>"; };
		F9B625691FA6C03800D60493 /* Base */ = {isa = PBXFileReference; lastKnownFileType = file.storyboard; name = Base; path = Base.lproj/LaunchScreen.storyboard; sourceTree = "<group>"; };
		F9B6256B1FA6C03800D60493 /* Info.plist */ = {isa = PBXFileReference; lastKnownFileType = text.plist.xml; path = Info.plist; sourceTree = "<group>"; };
		F9B625731FA6C1FD00D60493 /* ScrollViewZoomExampleVc.swift */ = {isa = PBXFileReference; lastKnownFileType = sourcecode.swift; path = ScrollViewZoomExampleVc.swift; sourceTree = "<group>"; };
		F9DC41EE1FBA8C4400753BE4 /* JellyAnimationVC.swift */ = {isa = PBXFileReference; lastKnownFileType = sourcecode.swift; path = JellyAnimationVC.swift; sourceTree = "<group>"; };
		F9DC41F21FBACFD400753BE4 /* BounceViewVC.swift */ = {isa = PBXFileReference; lastKnownFileType = sourcecode.swift; path = BounceViewVC.swift; sourceTree = "<group>"; };
		F9DC41F71FBC0B6300753BE4 /* BadgeAnimationViewController.swift */ = {isa = PBXFileReference; lastKnownFileType = sourcecode.swift; path = BadgeAnimationViewController.swift; sourceTree = "<group>"; };
		F9DC41F91FBC0B7C00753BE4 /* BadgeView.swift */ = {isa = PBXFileReference; lastKnownFileType = sourcecode.swift; path = BadgeView.swift; sourceTree = "<group>"; };
		F9E7B75A1FAF4A2C006F1AB2 /* ParentViewController.swift */ = {isa = PBXFileReference; lastKnownFileType = sourcecode.swift; path = ParentViewController.swift; sourceTree = "<group>"; };
		F9E7B75C1FAF4A3B006F1AB2 /* SubViewController.swift */ = {isa = PBXFileReference; lastKnownFileType = sourcecode.swift; path = SubViewController.swift; sourceTree = "<group>"; };
		F9E7B75E1FAF4D3F006F1AB2 /* PresentedVCDelegate.swift */ = {isa = PBXFileReference; lastKnownFileType = sourcecode.swift; path = PresentedVCDelegate.swift; sourceTree = "<group>"; };
		F9E7B7601FAF5A50006F1AB2 /* RotationPresentAnimation.swift */ = {isa = PBXFileReference; lastKnownFileType = sourcecode.swift; path = RotationPresentAnimation.swift; sourceTree = "<group>"; };
		F9E7B7621FAF6D7C006F1AB2 /* PanInteractiveTransition.swift */ = {isa = PBXFileReference; lastKnownFileType = sourcecode.swift; path = PanInteractiveTransition.swift; sourceTree = "<group>"; };
		F9E7B7641FAFE7CC006F1AB2 /* RotationDismissAnimation.swift */ = {isa = PBXFileReference; lastKnownFileType = sourcecode.swift; path = RotationDismissAnimation.swift; sourceTree = "<group>"; };
		F9E7B7661FB1564E006F1AB2 /* MagicMoveCollectionVCCollectionViewController.swift */ = {isa = PBXFileReference; lastKnownFileType = sourcecode.swift; path = MagicMoveCollectionVCCollectionViewController.swift; sourceTree = "<group>"; };
		F9E7B7691FB15A24006F1AB2 /* MagicMoveCollectionViewCell.swift */ = {isa = PBXFileReference; lastKnownFileType = sourcecode.swift; path = MagicMoveCollectionViewCell.swift; sourceTree = "<group>"; };
		F9E7B76B1FB15DA1006F1AB2 /* MagicMoveSubVC.swift */ = {isa = PBXFileReference; lastKnownFileType = sourcecode.swift; path = MagicMoveSubVC.swift; sourceTree = "<group>"; };
		F9F32B141FAABD8300B0B3C8 /* ImageAnimatorVcViewController.swift */ = {isa = PBXFileReference; lastKnownFileType = sourcecode.swift; path = ImageAnimatorVcViewController.swift; sourceTree = "<group>"; };
		F9F32B171FAAFD9B00B0B3C8 /* ScrollViewAutoLayoutViewController.swift */ = {isa = PBXFileReference; lastKnownFileType = sourcecode.swift; path = ScrollViewAutoLayoutViewController.swift; sourceTree = "<group>"; };
		F9F32B1A1FAC018500B0B3C8 /* PassbookCardViewController.swift */ = {isa = PBXFileReference; lastKnownFileType = sourcecode.swift; path = PassbookCardViewController.swift; sourceTree = "<group>"; };
		F9F32B1D1FAE101900B0B3C8 /* SpringPageViewController.swift */ = {isa = PBXFileReference; lastKnownFileType = sourcecode.swift; path = SpringPageViewController.swift; sourceTree = "<group>"; };
		F9F32B1F1FAE103A00B0B3C8 /* PageView.swift */ = {isa = PBXFileReference; lastKnownFileType = sourcecode.swift; path = PageView.swift; sourceTree = "<group>"; };
		F9F5A0E21FB94EA1004E41F3 /* PresentationSubViewController.swift */ = {isa = PBXFileReference; lastKnownFileType = sourcecode.swift; path = PresentationSubViewController.swift; sourceTree = "<group>"; };
		F9F5A0E41FB9690E004E41F3 /* CustomPresentation.swift */ = {isa = PBXFileReference; lastKnownFileType = sourcecode.swift; path = CustomPresentation.swift; sourceTree = "<group>"; };
/* End PBXFileReference section */

/* Begin PBXFrameworksBuildPhase section */
		F9B625591FA6C03800D60493 /* Frameworks */ = {
			isa = PBXFrameworksBuildPhase;
			buildActionMask = 2147483647;
			files = (
				84F779A29DDDCB27812A8E33 /* Pods_Examples.framework in Frameworks */,
			);
			runOnlyForDeploymentPostprocessing = 0;
		};
/* End PBXFrameworksBuildPhase section */

/* Begin PBXGroup section */
		977DE20B8F536CBD15F2FD41 /* Pods */ = {
			isa = PBXGroup;
			children = (
				D44B9AFEC13E2A4F3FDFCA25 /* Pods-Examples.debug.xcconfig */,
				4E3E32AF8E5BDE0B692E5F82 /* Pods-Examples.release.xcconfig */,
			);
			name = Pods;
			sourceTree = "<group>";
		};
		BE79CC78D300D89E966B0C63 /* Frameworks */ = {
			isa = PBXGroup;
			children = (
				1E4A134BA81A0CDC894C97D4 /* Pods_Examples.framework */,
			);
			name = Frameworks;
			sourceTree = "<group>";
		};
		F9075DE81FD3DD260004480D /* 3DTransition */ = {
			isa = PBXGroup;
			children = (
				F9075DE91FD3DD5E0004480D /* ThreeDTranstionFirstVC.swift */,
				F9075DEB1FD3DD790004480D /* ThreeDTransitionSecondVC.swift */,
				F9075DED1FD3DF200004480D /* ThreeDPushTransition.swift */,
				F9075DEF1FD3DF320004480D /* ThreeDPopTransition.swift */,
				F9075DF11FD400A00004480D /* ThreeDPopInteractiveTransition.swift */,
			);
			path = 3DTransition;
			sourceTree = "<group>";
		};
		F960BAD11FC2CA280021196E /* DynamicAnimation */ = {
			isa = PBXGroup;
			children = (
				F960BAD21FC2CBDB0021196E /* DynamicAnimationViewController.swift */,
			);
			name = DynamicAnimation;
			sourceTree = "<group>";
		};
		F96ED2D41FB3E91300A3774B /* PingTransition */ = {
			isa = PBXGroup;
			children = (
				F96ED2D51FB3EB7200A3774B /* PingTransitionParentViewController.swift */,
				F96ED2D71FB3EB8B00A3774B /* PingTransitionSubViewController.swift */,
				F96ED2D91FB3EC8B00A3774B /* PingTransitionAnimation.swift */,
				F96ED2DB1FB42CCB00A3774B /* PingTransitionUINavigationVCDelegate.swift */,
			);
			path = PingTransition;
			sourceTree = "<group>";
		};
		F96ED2DF1FB5427700A3774B /* LayerAnimation */ = {
			isa = PBXGroup;
			children = (
				F960BAD11FC2CA280021196E /* DynamicAnimation */,
				F9DC41F61FBC0A6A00753BE4 /* BadgeAnimation */,
				F9DC41F11FBACF9F00753BE4 /* BounceViewAnimation */,
				F9DC41F01FBA96DE00753BE4 /* JellyAnimation */,
				F96ED2E01FB5493600A3774B /* LayerMask */,
			);
			path = LayerAnimation;
			sourceTree = "<group>";
		};
		F96ED2E01FB5493600A3774B /* LayerMask */ = {
			isa = PBXGroup;
			children = (
				F96ED2E11FB5495C00A3774B /* WaterWaveVCViewController.swift */,
			);
			path = LayerMask;
			sourceTree = "<group>";
		};
		F9B625531FA6C03800D60493 = {
			isa = PBXGroup;
			children = (
				F9B6255E1FA6C03800D60493 /* Examples */,
				F9B6255D1FA6C03800D60493 /* Products */,
				977DE20B8F536CBD15F2FD41 /* Pods */,
				BE79CC78D300D89E966B0C63 /* Frameworks */,
			);
			sourceTree = "<group>";
		};
		F9B6255D1FA6C03800D60493 /* Products */ = {
			isa = PBXGroup;
			children = (
				F9B6255C1FA6C03800D60493 /* Examples.app */,
			);
			name = Products;
			sourceTree = "<group>";
		};
		F9B6255E1FA6C03800D60493 /* Examples */ = {
			isa = PBXGroup;
			children = (
				F9B625721FA6C1D900D60493 /* Controllers */,
				F9B6255F1FA6C03800D60493 /* AppDelegate.swift */,
				F9B625611FA6C03800D60493 /* RootViewController.swift */,
				F9B625631FA6C03800D60493 /* Main.storyboard */,
				F9B625661FA6C03800D60493 /* Assets.xcassets */,
				F9B625681FA6C03800D60493 /* LaunchScreen.storyboard */,
				F9B6256B1FA6C03800D60493 /* Info.plist */,
			);
			path = Examples;
			sourceTree = "<group>";
		};
		F9B625721FA6C1D900D60493 /* Controllers */ = {
			isa = PBXGroup;
			children = (
				F96ED2DF1FB5427700A3774B /* LayerAnimation */,
				F9E7B7591FAF49F6006F1AB2 /* CustomVCTransitioning */,
				F9F32B1C1FAE03CC00B0B3C8 /* SpringPage */,
				F9F32B191FAC016300B0B3C8 /* PassbookCard */,
				F9F32B161FAAFD7600B0B3C8 /* ScrollviewAutolayout */,
				F9F32B131FAABD6400B0B3C8 /* ImageAnimator */,
				F9B625731FA6C1FD00D60493 /* ScrollViewZoomExampleVc.swift */,
			);
			path = Controllers;
			sourceTree = "<group>";
		};
		F9DC41F01FBA96DE00753BE4 /* JellyAnimation */ = {
			isa = PBXGroup;
			children = (
				F9DC41EE1FBA8C4400753BE4 /* JellyAnimationVC.swift */,
			);
			path = JellyAnimation;
			sourceTree = "<group>";
		};
		F9DC41F11FBACF9F00753BE4 /* BounceViewAnimation */ = {
			isa = PBXGroup;
			children = (
				F9DC41F21FBACFD400753BE4 /* BounceViewVC.swift */,
			);
			name = BounceViewAnimation;
			sourceTree = "<group>";
		};
		F9DC41F61FBC0A6A00753BE4 /* BadgeAnimation */ = {
			isa = PBXGroup;
			children = (
				F9DC41F71FBC0B6300753BE4 /* BadgeAnimationViewController.swift */,
				F9DC41F91FBC0B7C00753BE4 /* BadgeView.swift */,
			);
			path = BadgeAnimation;
			sourceTree = "<group>";
		};
		F9E7B7591FAF49F6006F1AB2 /* CustomVCTransitioning */ = {
			isa = PBXGroup;
			children = (
				F9075DE81FD3DD260004480D /* 3DTransition */,
				F9F5A0E11FB94E7D004E41F3 /* UIPresentation */,
				F96ED2D41FB3E91300A3774B /* PingTransition */,
				F9E7B7681FB159F3006F1AB2 /* MagicMove */,
				F9E7B75A1FAF4A2C006F1AB2 /* ParentViewController.swift */,
				F9E7B75C1FAF4A3B006F1AB2 /* SubViewController.swift */,
				F9E7B75E1FAF4D3F006F1AB2 /* PresentedVCDelegate.swift */,
				F9E7B7601FAF5A50006F1AB2 /* RotationPresentAnimation.swift */,
				F9E7B7621FAF6D7C006F1AB2 /* PanInteractiveTransition.swift */,
				F9E7B7641FAFE7CC006F1AB2 /* RotationDismissAnimation.swift */,
			);
			path = CustomVCTransitioning;
			sourceTree = "<group>";
		};
		F9E7B7681FB159F3006F1AB2 /* MagicMove */ = {
			isa = PBXGroup;
			children = (
				F9E7B7691FB15A24006F1AB2 /* MagicMoveCollectionViewCell.swift */,
				F9E7B7661FB1564E006F1AB2 /* MagicMoveCollectionVCCollectionViewController.swift */,
				F9E7B76B1FB15DA1006F1AB2 /* MagicMoveSubVC.swift */,
				F93846451FB1615900072307 /* MagicMoveAnimation.swift */,
				F93846471FB196DD00072307 /* MagicMoveInverseTransition.swift */,
				F938464C1FB1B28F00072307 /* PanToPop.swift */,
			);
			path = MagicMove;
			sourceTree = "<group>";
		};
		F9F32B131FAABD6400B0B3C8 /* ImageAnimator */ = {
			isa = PBXGroup;
			children = (
				F9F32B141FAABD8300B0B3C8 /* ImageAnimatorVcViewController.swift */,
			);
			path = ImageAnimator;
			sourceTree = "<group>";
		};
		F9F32B161FAAFD7600B0B3C8 /* ScrollviewAutolayout */ = {
			isa = PBXGroup;
			children = (
				F9F32B171FAAFD9B00B0B3C8 /* ScrollViewAutoLayoutViewController.swift */,
			);
			path = ScrollviewAutolayout;
			sourceTree = "<group>";
		};
		F9F32B191FAC016300B0B3C8 /* PassbookCard */ = {
			isa = PBXGroup;
			children = (
				F9F32B1A1FAC018500B0B3C8 /* PassbookCardViewController.swift */,
			);
			path = PassbookCard;
			sourceTree = "<group>";
		};
		F9F32B1C1FAE03CC00B0B3C8 /* SpringPage */ = {
			isa = PBXGroup;
			children = (
				F9F32B1D1FAE101900B0B3C8 /* SpringPageViewController.swift */,
				F9F32B1F1FAE103A00B0B3C8 /* PageView.swift */,
			);
			path = SpringPage;
			sourceTree = "<group>";
		};
		F9F5A0E11FB94E7D004E41F3 /* UIPresentation */ = {
			isa = PBXGroup;
			children = (
				F9F5A0E21FB94EA1004E41F3 /* PresentationSubViewController.swift */,
				F9F5A0E41FB9690E004E41F3 /* CustomPresentation.swift */,
			);
			path = UIPresentation;
			sourceTree = "<group>";
		};
/* End PBXGroup section */

/* Begin PBXNativeTarget section */
		F9B6255B1FA6C03800D60493 /* Examples */ = {
			isa = PBXNativeTarget;
			buildConfigurationList = F9B6256E1FA6C03800D60493 /* Build configuration list for PBXNativeTarget "Examples" */;
			buildPhases = (
				9CB3CACCC92CAF172E927F6E /* [CP] Check Pods Manifest.lock */,
				F9B625581FA6C03800D60493 /* Sources */,
				F9B625591FA6C03800D60493 /* Frameworks */,
				F9B6255A1FA6C03800D60493 /* Resources */,
				C6EBE2F22D0FDDBF9AED26AD /* [CP] Embed Pods Frameworks */,
				D6DD2CD98623A3D98A62E6E0 /* [CP] Copy Pods Resources */,
			);
			buildRules = (
			);
			dependencies = (
			);
			name = Examples;
			productName = Examples;
			productReference = F9B6255C1FA6C03800D60493 /* Examples.app */;
			productType = "com.apple.product-type.application";
		};
/* End PBXNativeTarget section */

/* Begin PBXProject section */
		F9B625541FA6C03800D60493 /* Project object */ = {
			isa = PBXProject;
			attributes = {
				LastSwiftUpdateCheck = 0900;
				LastUpgradeCheck = 0900;
				ORGANIZATIONNAME = Ashoka;
				TargetAttributes = {
					F9B6255B1FA6C03800D60493 = {
						CreatedOnToolsVersion = 9.0;
						ProvisioningStyle = Automatic;
					};
				};
			};
			buildConfigurationList = F9B625571FA6C03800D60493 /* Build configuration list for PBXProject "Examples" */;
			compatibilityVersion = "Xcode 8.0";
			developmentRegion = en;
			hasScannedForEncodings = 0;
			knownRegions = (
				en,
				Base,
			);
			mainGroup = F9B625531FA6C03800D60493;
			productRefGroup = F9B6255D1FA6C03800D60493 /* Products */;
			projectDirPath = "";
			projectRoot = "";
			targets = (
				F9B6255B1FA6C03800D60493 /* Examples */,
			);
		};
/* End PBXProject section */

/* Begin PBXResourcesBuildPhase section */
		F9B6255A1FA6C03800D60493 /* Resources */ = {
			isa = PBXResourcesBuildPhase;
			buildActionMask = 2147483647;
			files = (
				F9B6256A1FA6C03800D60493 /* LaunchScreen.storyboard in Resources */,
				F9B625671FA6C03800D60493 /* Assets.xcassets in Resources */,
				F9B625651FA6C03800D60493 /* Main.storyboard in Resources */,
			);
			runOnlyForDeploymentPostprocessing = 0;
		};
/* End PBXResourcesBuildPhase section */

/* Begin PBXShellScriptBuildPhase section */
		9CB3CACCC92CAF172E927F6E /* [CP] Check Pods Manifest.lock */ = {
			isa = PBXShellScriptBuildPhase;
			buildActionMask = 2147483647;
			files = (
			);
			inputPaths = (
				"${PODS_PODFILE_DIR_PATH}/Podfile.lock",
				"${PODS_ROOT}/Manifest.lock",
			);
			name = "[CP] Check Pods Manifest.lock";
			outputPaths = (
				"$(DERIVED_FILE_DIR)/Pods-Examples-checkManifestLockResult.txt",
			);
			runOnlyForDeploymentPostprocessing = 0;
			shellPath = /bin/sh;
			shellScript = "diff \"${PODS_PODFILE_DIR_PATH}/Podfile.lock\" \"${PODS_ROOT}/Manifest.lock\" > /dev/null\nif [ $? != 0 ] ; then\n    # print error to STDERR\n    echo \"error: The sandbox is not in sync with the Podfile.lock. Run 'pod install' or update your CocoaPods installation.\" >&2\n    exit 1\nfi\n# This output is used by Xcode 'outputs' to avoid re-running this script phase.\necho \"SUCCESS\" > \"${SCRIPT_OUTPUT_FILE_0}\"\n";
			showEnvVarsInLog = 0;
		};
		C6EBE2F22D0FDDBF9AED26AD /* [CP] Embed Pods Frameworks */ = {
			isa = PBXShellScriptBuildPhase;
			buildActionMask = 2147483647;
			files = (
			);
			inputPaths = (
				"${SRCROOT}/Pods/Target Support Files/Pods-Examples/Pods-Examples-frameworks.sh",
				"${BUILT_PRODUCTS_DIR}/pop/pop.framework",
			);
			name = "[CP] Embed Pods Frameworks";
			outputPaths = (
				"${TARGET_BUILD_DIR}/${FRAMEWORKS_FOLDER_PATH}/pop.framework",
			);
			runOnlyForDeploymentPostprocessing = 0;
			shellPath = /bin/sh;
			shellScript = "\"${SRCROOT}/Pods/Target Support Files/Pods-Examples/Pods-Examples-frameworks.sh\"\n";
			showEnvVarsInLog = 0;
		};
		D6DD2CD98623A3D98A62E6E0 /* [CP] Copy Pods Resources */ = {
			isa = PBXShellScriptBuildPhase;
			buildActionMask = 2147483647;
			files = (
			);
			inputPaths = (
			);
			name = "[CP] Copy Pods Resources";
			outputPaths = (
			);
			runOnlyForDeploymentPostprocessing = 0;
			shellPath = /bin/sh;
			shellScript = "\"${SRCROOT}/Pods/Target Support Files/Pods-Examples/Pods-Examples-resources.sh\"\n";
			showEnvVarsInLog = 0;
		};
/* End PBXShellScriptBuildPhase section */

/* Begin PBXSourcesBuildPhase section */
		F9B625581FA6C03800D60493 /* Sources */ = {
			isa = PBXSourcesBuildPhase;
			buildActionMask = 2147483647;
			files = (
				F9F32B151FAABD8300B0B3C8 /* ImageAnimatorVcViewController.swift in Sources */,
				F9075DF21FD400A00004480D /* ThreeDPopInteractiveTransition.swift in Sources */,
				F93846481FB196DD00072307 /* MagicMoveInverseTransition.swift in Sources */,
				F9DC41EF1FBA8C4400753BE4 /* JellyAnimationVC.swift in Sources */,
				F9E7B76A1FB15A24006F1AB2 /* MagicMoveCollectionViewCell.swift in Sources */,
				F9F5A0E31FB94EA1004E41F3 /* PresentationSubViewController.swift in Sources */,
				F9E7B7671FB1564E006F1AB2 /* MagicMoveCollectionVCCollectionViewController.swift in Sources */,
				F9075DF01FD3DF320004480D /* ThreeDPopTransition.swift in Sources */,
				F9075DEA1FD3DD5E0004480D /* ThreeDTranstionFirstVC.swift in Sources */,
				F9F32B201FAE103A00B0B3C8 /* PageView.swift in Sources */,
				F9F32B181FAAFD9B00B0B3C8 /* ScrollViewAutoLayoutViewController.swift in Sources */,
				F93846461FB1615900072307 /* MagicMoveAnimation.swift in Sources */,
				F9B625621FA6C03800D60493 /* RootViewController.swift in Sources */,
				F9DC41F31FBACFD400753BE4 /* BounceViewVC.swift in Sources */,
				F9B625601FA6C03800D60493 /* AppDelegate.swift in Sources */,
				F96ED2E21FB5495C00A3774B /* WaterWaveVCViewController.swift in Sources */,
				F9E7B7651FAFE7CC006F1AB2 /* RotationDismissAnimation.swift in Sources */,
				F96ED2D81FB3EB8B00A3774B /* PingTransitionSubViewController.swift in Sources */,
				F938464D1FB1B28F00072307 /* PanToPop.swift in Sources */,
				F96ED2D61FB3EB7200A3774B /* PingTransitionParentViewController.swift in Sources */,
				F9075DEE1FD3DF200004480D /* ThreeDPushTransition.swift in Sources */,
				F9DC41FA1FBC0B7C00753BE4 /* BadgeView.swift in Sources */,
				F9F32B1B1FAC018500B0B3C8 /* PassbookCardViewController.swift in Sources */,
				F960BAD31FC2CBDB0021196E /* DynamicAnimationViewController.swift in Sources */,
				F9B625741FA6C1FD00D60493 /* ScrollViewZoomExampleVc.swift in Sources */,
				F9075DEC1FD3DD790004480D /* ThreeDTransitionSecondVC.swift in Sources */,
				F9E7B75D1FAF4A3B006F1AB2 /* SubViewController.swift in Sources */,
				F96ED2DC1FB42CCB00A3774B /* PingTransitionUINavigationVCDelegate.swift in Sources */,
				F9F32B1E1FAE101900B0B3C8 /* SpringPageViewController.swift in Sources */,
				F9E7B7631FAF6D7C006F1AB2 /* PanInteractiveTransition.swift in Sources */,
				F9E7B75F1FAF4D3F006F1AB2 /* PresentedVCDelegate.swift in Sources */,
				F9E7B76C1FB15DA1006F1AB2 /* MagicMoveSubVC.swift in Sources */,
				F9DC41F81FBC0B6300753BE4 /* BadgeAnimationViewController.swift in Sources */,
				F96ED2DA1FB3EC8B00A3774B /* PingTransitionAnimation.swift in Sources */,
				F9E7B7611FAF5A50006F1AB2 /* RotationPresentAnimation.swift in Sources */,
				F9F5A0E51FB9690E004E41F3 /* CustomPresentation.swift in Sources */,
				F9E7B75B1FAF4A2C006F1AB2 /* ParentViewController.swift in Sources */,
			);
			runOnlyForDeploymentPostprocessing = 0;
		};
/* End PBXSourcesBuildPhase section */

/* Begin PBXVariantGroup section */
		F9B625631FA6C03800D60493 /* Main.storyboard */ = {
			isa = PBXVariantGroup;
			children = (
				F9B625641FA6C03800D60493 /* Base */,
			);
			name = Main.storyboard;
			sourceTree = "<group>";
		};
		F9B625681FA6C03800D60493 /* LaunchScreen.storyboard */ = {
			isa = PBXVariantGroup;
			children = (
				F9B625691FA6C03800D60493 /* Base */,
			);
			name = LaunchScreen.storyboard;
			sourceTree = "<group>";
		};
/* End PBXVariantGroup section */

/* Begin XCBuildConfiguration section */
		F9B6256C1FA6C03800D60493 /* Debug */ = {
			isa = XCBuildConfiguration;
			buildSettings = {
				ALWAYS_SEARCH_USER_PATHS = NO;
				CLANG_ANALYZER_NONNULL = YES;
				CLANG_ANALYZER_NUMBER_OBJECT_CONVERSION = YES_AGGRESSIVE;
				CLANG_CXX_LANGUAGE_STANDARD = "gnu++14";
				CLANG_CXX_LIBRARY = "libc++";
				CLANG_ENABLE_MODULES = YES;
				CLANG_ENABLE_OBJC_ARC = YES;
				CLANG_WARN_BLOCK_CAPTURE_AUTORELEASING = YES;
				CLANG_WARN_BOOL_CONVERSION = YES;
				CLANG_WARN_COMMA = YES;
				CLANG_WARN_CONSTANT_CONVERSION = YES;
				CLANG_WARN_DIRECT_OBJC_ISA_USAGE = YES_ERROR;
				CLANG_WARN_DOCUMENTATION_COMMENTS = YES;
				CLANG_WARN_EMPTY_BODY = YES;
				CLANG_WARN_ENUM_CONVERSION = YES;
				CLANG_WARN_INFINITE_RECURSION = YES;
				CLANG_WARN_INT_CONVERSION = YES;
				CLANG_WARN_NON_LITERAL_NULL_CONVERSION = YES;
				CLANG_WARN_OBJC_LITERAL_CONVERSION = YES;
				CLANG_WARN_OBJC_ROOT_CLASS = YES_ERROR;
				CLANG_WARN_RANGE_LOOP_ANALYSIS = YES;
				CLANG_WARN_STRICT_PROTOTYPES = YES;
				CLANG_WARN_SUSPICIOUS_MOVE = YES;
				CLANG_WARN_UNGUARDED_AVAILABILITY = YES_AGGRESSIVE;
				CLANG_WARN_UNREACHABLE_CODE = YES;
				CLANG_WARN__DUPLICATE_METHOD_MATCH = YES;
				CODE_SIGN_IDENTITY = "iPhone Developer";
				COPY_PHASE_STRIP = NO;
				DEBUG_INFORMATION_FORMAT = dwarf;
				ENABLE_STRICT_OBJC_MSGSEND = YES;
				ENABLE_TESTABILITY = YES;
				GCC_C_LANGUAGE_STANDARD = gnu11;
				GCC_DYNAMIC_NO_PIC = NO;
				GCC_NO_COMMON_BLOCKS = YES;
				GCC_OPTIMIZATION_LEVEL = 0;
				GCC_PREPROCESSOR_DEFINITIONS = (
					"DEBUG=1",
					"$(inherited)",
				);
				GCC_WARN_64_TO_32_BIT_CONVERSION = YES;
				GCC_WARN_ABOUT_RETURN_TYPE = YES_ERROR;
				GCC_WARN_UNDECLARED_SELECTOR = YES;
				GCC_WARN_UNINITIALIZED_AUTOS = YES_AGGRESSIVE;
				GCC_WARN_UNUSED_FUNCTION = YES;
				GCC_WARN_UNUSED_VARIABLE = YES;
				IPHONEOS_DEPLOYMENT_TARGET = 11.0;
				MTL_ENABLE_DEBUG_INFO = YES;
				ONLY_ACTIVE_ARCH = YES;
				SDKROOT = iphoneos;
				SWIFT_ACTIVE_COMPILATION_CONDITIONS = DEBUG;
				SWIFT_OPTIMIZATION_LEVEL = "-Onone";
			};
			name = Debug;
		};
		F9B6256D1FA6C03800D60493 /* Release */ = {
			isa = XCBuildConfiguration;
			buildSettings = {
				ALWAYS_SEARCH_USER_PATHS = NO;
				CLANG_ANALYZER_NONNULL = YES;
				CLANG_ANALYZER_NUMBER_OBJECT_CONVERSION = YES_AGGRESSIVE;
				CLANG_CXX_LANGUAGE_STANDARD = "gnu++14";
				CLANG_CXX_LIBRARY = "libc++";
				CLANG_ENABLE_MODULES = YES;
				CLANG_ENABLE_OBJC_ARC = YES;
				CLANG_WARN_BLOCK_CAPTURE_AUTORELEASING = YES;
				CLANG_WARN_BOOL_CONVERSION = YES;
				CLANG_WARN_COMMA = YES;
				CLANG_WARN_CONSTANT_CONVERSION = YES;
				CLANG_WARN_DIRECT_OBJC_ISA_USAGE = YES_ERROR;
				CLANG_WARN_DOCUMENTATION_COMMENTS = YES;
				CLANG_WARN_EMPTY_BODY = YES;
				CLANG_WARN_ENUM_CONVERSION = YES;
				CLANG_WARN_INFINITE_RECURSION = YES;
				CLANG_WARN_INT_CONVERSION = YES;
				CLANG_WARN_NON_LITERAL_NULL_CONVERSION = YES;
				CLANG_WARN_OBJC_LITERAL_CONVERSION = YES;
				CLANG_WARN_OBJC_ROOT_CLASS = YES_ERROR;
				CLANG_WARN_RANGE_LOOP_ANALYSIS = YES;
				CLANG_WARN_STRICT_PROTOTYPES = YES;
				CLANG_WARN_SUSPICIOUS_MOVE = YES;
				CLANG_WARN_UNGUARDED_AVAILABILITY = YES_AGGRESSIVE;
				CLANG_WARN_UNREACHABLE_CODE = YES;
				CLANG_WARN__DUPLICATE_METHOD_MATCH = YES;
				CODE_SIGN_IDENTITY = "iPhone Developer";
				COPY_PHASE_STRIP = NO;
				DEBUG_INFORMATION_FORMAT = "dwarf-with-dsym";
				ENABLE_NS_ASSERTIONS = NO;
				ENABLE_STRICT_OBJC_MSGSEND = YES;
				GCC_C_LANGUAGE_STANDARD = gnu11;
				GCC_NO_COMMON_BLOCKS = YES;
				GCC_WARN_64_TO_32_BIT_CONVERSION = YES;
				GCC_WARN_ABOUT_RETURN_TYPE = YES_ERROR;
				GCC_WARN_UNDECLARED_SELECTOR = YES;
				GCC_WARN_UNINITIALIZED_AUTOS = YES_AGGRESSIVE;
				GCC_WARN_UNUSED_FUNCTION = YES;
				GCC_WARN_UNUSED_VARIABLE = YES;
				IPHONEOS_DEPLOYMENT_TARGET = 11.0;
				MTL_ENABLE_DEBUG_INFO = NO;
				SDKROOT = iphoneos;
				SWIFT_OPTIMIZATION_LEVEL = "-Owholemodule";
				VALIDATE_PRODUCT = YES;
			};
			name = Release;
		};
		F9B6256F1FA6C03800D60493 /* Debug */ = {
			isa = XCBuildConfiguration;
			baseConfigurationReference = D44B9AFEC13E2A4F3FDFCA25 /* Pods-Examples.debug.xcconfig */;
			buildSettings = {
				ASSETCATALOG_COMPILER_APPICON_NAME = AppIcon;
				CODE_SIGN_STYLE = Automatic;
				DEVELOPMENT_TEAM = 5ZDZ2RA37W;
				INFOPLIST_FILE = Examples/Info.plist;
				LD_RUNPATH_SEARCH_PATHS = "$(inherited) @executable_path/Frameworks";
				PRODUCT_BUNDLE_IDENTIFIER = com.ashoka.Examples;
				PRODUCT_NAME = "$(TARGET_NAME)";
				SWIFT_VERSION = 4.0;
				TARGETED_DEVICE_FAMILY = "1,2";
			};
			name = Debug;
		};
		F9B625701FA6C03800D60493 /* Release */ = {
			isa = XCBuildConfiguration;
			baseConfigurationReference = 4E3E32AF8E5BDE0B692E5F82 /* Pods-Examples.release.xcconfig */;
			buildSettings = {
				ASSETCATALOG_COMPILER_APPICON_NAME = AppIcon;
				CODE_SIGN_STYLE = Automatic;
				DEVELOPMENT_TEAM = 5ZDZ2RA37W;
				INFOPLIST_FILE = Examples/Info.plist;
				LD_RUNPATH_SEARCH_PATHS = "$(inherited) @executable_path/Frameworks";
				PRODUCT_BUNDLE_IDENTIFIER = com.ashoka.Examples;
				PRODUCT_NAME = "$(TARGET_NAME)";
				SWIFT_VERSION = 4.0;
				TARGETED_DEVICE_FAMILY = "1,2";
			};
			name = Release;
		};
/* End XCBuildConfiguration section */

/* Begin XCConfigurationList section */
		F9B625571FA6C03800D60493 /* Build configuration list for PBXProject "Examples" */ = {
			isa = XCConfigurationList;
			buildConfigurations = (
				F9B6256C1FA6C03800D60493 /* Debug */,
				F9B6256D1FA6C03800D60493 /* Release */,
			);
			defaultConfigurationIsVisible = 0;
			defaultConfigurationName = Release;
		};
		F9B6256E1FA6C03800D60493 /* Build configuration list for PBXNativeTarget "Examples" */ = {
			isa = XCConfigurationList;
			buildConfigurations = (
				F9B6256F1FA6C03800D60493 /* Debug */,
				F9B625701FA6C03800D60493 /* Release */,
			);
			defaultConfigurationIsVisible = 0;
			defaultConfigurationName = Release;
		};
/* End XCConfigurationList section */
	};
	rootObject = F9B625541FA6C03800D60493 /* Project object */;
}
